<?xml version="1.0" encoding="utf-8"?>
<Project ToolsVersion="4.0" xmlns="http://schemas.microsoft.com/developer/msbuild/2003">
  <ItemGroup>
    <Filter Include="Source Files">
      <UniqueIdentifier>{4FC737F1-C7A5-4376-A066-2A32D752A2FF}</UniqueIdentifier>
      <Extensions>cpp;c;cc;cxx;c++;cppm;ixx;def;odl;idl;hpj;bat;asm;asmx</Extensions>
    </Filter>
    <Filter Include="Header Files">
      <UniqueIdentifier>{93995380-89BD-4b04-88EB-625FBE52EBFB}</UniqueIdentifier>
      <Extensions>h;hh;hpp;hxx;h++;hm;inl;inc;ipp;xsd</Extensions>
    </Filter>
    <Filter Include="Resource Files">
      <UniqueIdentifier>{67DA6AB6-F800-4c08-8B7A-83BB121AAD01}</UniqueIdentifier>
      <Extensions>rc;ico;cur;bmp;dlg;rc2;rct;bin;rgs;gif;jpg;jpeg;jpe;resx;tiff;tif;png;wav;mfcribbon-ms</Extensions>
    </Filter>
    <Filter Include="Source Files\Models">
      <UniqueIdentifier>{2e699761-576e-45b8-8849-d69ea16e5cae}</UniqueIdentifier>
    </Filter>
    <Filter Include="Source Files\Data">
      <UniqueIdentifier>{62b1629c-dab2-46e2-86f7-589a912edd01}</UniqueIdentifier>
    </Filter>
    <Filter Include="Source Files\Interface">
      <UniqueIdentifier>{eafc2bda-4e1a-44b7-9c0c-e03e2dd8456e}</UniqueIdentifier>
    </Filter>
    <Filter Include="Source Files\Models\Headers">
      <UniqueIdentifier>{ef09ec0e-8aa3-4241-bbf5-f97b7bb90f12}</UniqueIdentifier>
    </Filter>
    <Filter Include="Source Files\Interface\Headers">
      <UniqueIdentifier>{68a54bd9-42ba-4ed6-a467-9eb3068a27da}</UniqueIdentifier>
    </Filter>
    <Filter Include="Source Files\Cmdlets">
      <UniqueIdentifier>{a1347c6e-5520-44e2-a44d-87da35cc87ec}</UniqueIdentifier>
    </Filter>
    <Filter Include="Source Files\Exceps">
      <UniqueIdentifier>{8d5ae343-d7f0-4fd7-a470-9465c745d1c9}</UniqueIdentifier>
    </Filter>
    <Filter Include="Source Files\Cmdlets\Headers">
      <UniqueIdentifier>{aa93a2eb-c46c-40be-83e3-0ea7cc5cb880}</UniqueIdentifier>
    </Filter>
    <Filter Include="Source Files\Data\Headers">
      <UniqueIdentifier>{7fd21b6c-a515-4177-85e2-cd92c184cd5a}</UniqueIdentifier>
    </Filter>
  </ItemGroup>
  <ItemGroup>
    <ClInclude Include="Models\Developer.h">
      <Filter>Source Files\Models\Headers</Filter>
    </ClInclude>
    <ClInclude Include="Models\Office.h">
      <Filter>Source Files\Models\Headers</Filter>
    </ClInclude>
    <ClInclude Include="Models\Seller.h">
      <Filter>Source Files\Models\Headers</Filter>
    </ClInclude>
    <ClInclude Include="Models\Supporter.h">
      <Filter>Source Files\Models\Headers</Filter>
    </ClInclude>
    <ClInclude Include="Models\Telephone.h">
      <Filter>Source Files\Models\Headers</Filter>
    </ClInclude>
    <ClInclude Include="Models\Worker.h">
      <Filter>Source Files\Models\Headers</Filter>
    </ClInclude>
    <ClInclude Include="Interface\ParserCmdlet.h">
      <Filter>Source Files\Interface\Headers</Filter>
    </ClInclude>
    <ClInclude Include="Interface\ConsoleInterface.h">
      <Filter>Source Files\Interface\Headers</Filter>
    </ClInclude>
    <ClInclude Include="Application.h">
      <Filter>Source Files</Filter>
    </ClInclude>
    <ClInclude Include="Exceps\CommandError.h">
      <Filter>Source Files\Exceps</Filter>
    </ClInclude>
    <ClInclude Include="Exceps\DeserializingError.h">
      <Filter>Source Files\Exceps</Filter>
    </ClInclude>
    <ClInclude Include="Models\All.h">
      <Filter>Source Files\Models\Headers</Filter>
    </ClInclude>
    <ClInclude Include="CmdLet\Cmdlet.h">
      <Filter>Source Files\Cmdlets\Headers</Filter>
    </ClInclude>
    <ClInclude Include="CmdLet\ManagerCmdlet.h">
      <Filter>Source Files\Cmdlets\Headers</Filter>
    </ClInclude>
    <ClInclude Include="Data\Book.h">
      <Filter>Source Files\Data\Headers</Filter>
    </ClInclude>
    <ClInclude Include="Data\Deserializer.h">
      <Filter>Source Files\Data\Headers</Filter>
    </ClInclude>
    <ClInclude Include="Data\Serializer.h">
      <Filter>Source Files\Data\Headers</Filter>
    </ClInclude>
    <ClInclude Include="Data\All.h">
      <Filter>Source Files\Data\Headers</Filter>
    </ClInclude>
  </ItemGroup>
  <ItemGroup>
    <ClCompile Include="main.cpp">
      <Filter>Source Files</Filter>
    </ClCompile>
    <ClCompile Include="Models\Worker.cpp">
      <Filter>Source Files\Models</Filter>
    </ClCompile>
    <ClCompile Include="Interface\ParserCmdlet.cpp">
      <Filter>Source Files\Interface</Filter>
    </ClCompile>
    <ClCompile Include="Interface\ConsoleInterface.cpp">
      <Filter>Source Files\Interface</Filter>
    </ClCompile>
    <ClCompile Include="CmdLet\CmdletLogic.cpp">
      <Filter>Source Files\Cmdlets</Filter>
    </ClCompile>
    <ClCompile Include="CmdLet\ManagerCmdlet.cpp">
      <Filter>Source Files\Cmdlets</Filter>
    </ClCompile>
    <ClCompile Include="Data\Book.cpp">
      <Filter>Source Files\Data</Filter>
    </ClCompile>
    <ClCompile Include="Data\Deserializer.cpp">
      <Filter>Source Files\Data</Filter>
    </ClCompile>
    <ClCompile Include="Models\Developer.cpp">
      <Filter>Source Files\Models</Filter>
    </ClCompile>
    <ClCompile Include="Models\Office.cpp">
      <Filter>Source Files\Models</Filter>
    </ClCompile>
    <ClCompile Include="Models\Seller.cpp">
      <Filter>Source Files\Models</Filter>
    </ClCompile>
  </ItemGroup>
  <ItemGroup>
    <None Include="packages.config" />
  </ItemGroup>
</Project>